
Microsoft Visual Studio Solution File, Format Version 12.00
# Visual Studio Version 17
VisualStudioVersion = 17.7.34018.315
MinimumVisualStudioVersion = 10.0.40219.1
Project("{FAE04EC0-301F-11D3-BF4B-00C04F79EFBC}") = "19_RemoveNthNodeFromEndOfList", "19_RemoveNthNodeFromEndOfList\19_RemoveNthNodeFromEndOfList.csproj", "{75264E51-5B22-40AE-A762-F0BBFFAEB176}"
EndProject
Global
	GlobalSection(SolutionConfigurationPlatforms) = preSolution
		Debug|Any CPU = Debug|Any CPU
		Release|Any CPU = Release|Any CPU
	EndGlobalSection
	GlobalSection(ProjectConfigurationPlatforms) = postSolution
		{75264E51-5B22-40AE-A762-F0BBFFAEB176}.Debug|Any CPU.ActiveCfg = Debug|Any CPU
		{75264E51-5B22-40AE-A762-F0BBFFAEB176}.Debug|Any CPU.Build.0 = Debug|Any CPU
		{75264E51-5B22-40AE-A762-F0BBFFAEB176}.Release|Any CPU.ActiveCfg = Release|Any CPU
		{75264E51-5B22-40AE-A762-F0BBFFAEB176}.Release|Any CPU.Build.0 = Release|Any CPU
	EndGlobalSection
	GlobalSection(SolutionProperties) = preSolution
		HideSolutionNode = FALSE
	EndGlobalSection
	GlobalSection(ExtensibilityGlobals) = postSolution
		SolutionGuid = {63DC0710-C7EB-4875-82B3-C568D56A5BE0}
	EndGlobalSection
EndGlobal
