
Microsoft Visual Studio Solution File, Format Version 12.00
# Visual Studio Version 17
VisualStudioVersion = 17.7.34018.315
MinimumVisualStudioVersion = 10.0.40219.1
Project("{FAE04EC0-301F-11D3-BF4B-00C04F79EFBC}") = "1108_DefangingAnIPAdress", "1108_DefangingAnIPAdress\1108_DefangingAnIPAdress.csproj", "{75611E9B-A4B9-4B18-ADFA-836D427AE3C8}"
EndProject
Global
	GlobalSection(SolutionConfigurationPlatforms) = preSolution
		Debug|Any CPU = Debug|Any CPU
		Release|Any CPU = Release|Any CPU
	EndGlobalSection
	GlobalSection(ProjectConfigurationPlatforms) = postSolution
		{75611E9B-A4B9-4B18-ADFA-836D427AE3C8}.Debug|Any CPU.ActiveCfg = Debug|Any CPU
		{75611E9B-A4B9-4B18-ADFA-836D427AE3C8}.Debug|Any CPU.Build.0 = Debug|Any CPU
		{75611E9B-A4B9-4B18-ADFA-836D427AE3C8}.Release|Any CPU.ActiveCfg = Release|Any CPU
		{75611E9B-A4B9-4B18-ADFA-836D427AE3C8}.Release|Any CPU.Build.0 = Release|Any CPU
	EndGlobalSection
	GlobalSection(SolutionProperties) = preSolution
		HideSolutionNode = FALSE
	EndGlobalSection
	GlobalSection(ExtensibilityGlobals) = postSolution
		SolutionGuid = {E713C303-1707-4A52-8531-948A3BC2B1E5}
	EndGlobalSection
EndGlobal
