
Microsoft Visual Studio Solution File, Format Version 12.00
# Visual Studio Version 17
VisualStudioVersion = 17.7.34018.315
MinimumVisualStudioVersion = 10.0.40219.1
Project("{FAE04EC0-301F-11D3-BF4B-00C04F79EFBC}") = "8_StringToInteger", "8_StringToInteger\8_StringToInteger.csproj", "{B5D665B3-179B-4CEA-8592-5CCB01A0FD1E}"
EndProject
Global
	GlobalSection(SolutionConfigurationPlatforms) = preSolution
		Debug|Any CPU = Debug|Any CPU
		Release|Any CPU = Release|Any CPU
	EndGlobalSection
	GlobalSection(ProjectConfigurationPlatforms) = postSolution
		{B5D665B3-179B-4CEA-8592-5CCB01A0FD1E}.Debug|Any CPU.ActiveCfg = Debug|Any CPU
		{B5D665B3-179B-4CEA-8592-5CCB01A0FD1E}.Debug|Any CPU.Build.0 = Debug|Any CPU
		{B5D665B3-179B-4CEA-8592-5CCB01A0FD1E}.Release|Any CPU.ActiveCfg = Release|Any CPU
		{B5D665B3-179B-4CEA-8592-5CCB01A0FD1E}.Release|Any CPU.Build.0 = Release|Any CPU
	EndGlobalSection
	GlobalSection(SolutionProperties) = preSolution
		HideSolutionNode = FALSE
	EndGlobalSection
	GlobalSection(ExtensibilityGlobals) = postSolution
		SolutionGuid = {4F580A2E-3262-466F-A018-BF6FC67307FE}
	EndGlobalSection
EndGlobal
