
Microsoft Visual Studio Solution File, Format Version 12.00
# Visual Studio Version 17
VisualStudioVersion = 17.7.34018.315
MinimumVisualStudioVersion = 10.0.40219.1
Project("{FAE04EC0-301F-11D3-BF4B-00C04F79EFBC}") = "9_PalindromeNumber", "9_PalindromeNumber\9_PalindromeNumber.csproj", "{7A43A814-ACFC-4537-B0E0-1F0DBC54A0E0}"
EndProject
Global
	GlobalSection(SolutionConfigurationPlatforms) = preSolution
		Debug|Any CPU = Debug|Any CPU
		Release|Any CPU = Release|Any CPU
	EndGlobalSection
	GlobalSection(ProjectConfigurationPlatforms) = postSolution
		{7A43A814-ACFC-4537-B0E0-1F0DBC54A0E0}.Debug|Any CPU.ActiveCfg = Debug|Any CPU
		{7A43A814-ACFC-4537-B0E0-1F0DBC54A0E0}.Debug|Any CPU.Build.0 = Debug|Any CPU
		{7A43A814-ACFC-4537-B0E0-1F0DBC54A0E0}.Release|Any CPU.ActiveCfg = Release|Any CPU
		{7A43A814-ACFC-4537-B0E0-1F0DBC54A0E0}.Release|Any CPU.Build.0 = Release|Any CPU
	EndGlobalSection
	GlobalSection(SolutionProperties) = preSolution
		HideSolutionNode = FALSE
	EndGlobalSection
	GlobalSection(ExtensibilityGlobals) = postSolution
		SolutionGuid = {91743795-C9AE-45F2-8669-B02E43CDC34F}
	EndGlobalSection
EndGlobal
